
Microsoft Visual Studio Solution File, Format Version 12.00
# Visual Studio 2013
VisualStudioVersion = 12.0.21005.1
MinimumVisualStudioVersion = 10.0.40219.1
Project("{FAE04EC0-301F-11D3-BF4B-00C04F79EFBC}") = "MEFConsoleCalculadora", "MEFConsoleCalculadora\MEFConsoleCalculadora.csproj", "{6CF5A01B-7F73-4D95-9EF7-3671081094F6}"
EndProject
Project("{FAE04EC0-301F-11D3-BF4B-00C04F79EFBC}") = "OperacionesAdicionales", "OperacionesAdicionales\OperacionesAdicionales.csproj", "{EAC953D2-FA18-453C-A754-4597D73BD74C}"
EndProject
Global
	GlobalSection(SolutionConfigurationPlatforms) = preSolution
		Debug|Any CPU = Debug|Any CPU
		Release|Any CPU = Release|Any CPU
	EndGlobalSection
	GlobalSection(ProjectConfigurationPlatforms) = postSolution
		{6CF5A01B-7F73-4D95-9EF7-3671081094F6}.Debug|Any CPU.ActiveCfg = Debug|Any CPU
		{6CF5A01B-7F73-4D95-9EF7-3671081094F6}.Debug|Any CPU.Build.0 = Debug|Any CPU
		{6CF5A01B-7F73-4D95-9EF7-3671081094F6}.Release|Any CPU.ActiveCfg = Release|Any CPU
		{6CF5A01B-7F73-4D95-9EF7-3671081094F6}.Release|Any CPU.Build.0 = Release|Any CPU
		{EAC953D2-FA18-453C-A754-4597D73BD74C}.Debug|Any CPU.ActiveCfg = Debug|Any CPU
		{EAC953D2-FA18-453C-A754-4597D73BD74C}.Debug|Any CPU.Build.0 = Debug|Any CPU
		{EAC953D2-FA18-453C-A754-4597D73BD74C}.Release|Any CPU.ActiveCfg = Release|Any CPU
		{EAC953D2-FA18-453C-A754-4597D73BD74C}.Release|Any CPU.Build.0 = Release|Any CPU
	EndGlobalSection
	GlobalSection(SolutionProperties) = preSolution
		HideSolutionNode = FALSE
	EndGlobalSection
EndGlobal
